
Microsoft Visual Studio Solution File, Format Version 12.00
# Visual Studio Version 17
VisualStudioVersion = 17.5.33424.131
MinimumVisualStudioVersion = 10.0.40219.1
Project("{FAE04EC0-301F-11D3-BF4B-00C04F79EFBC}") = "HelpDeskSystem", "HelpDeskSystem\HelpDeskSystem.csproj", "{65402C84-3FD0-4919-A071-E0F230F2A06A}"
EndProject
Global
	GlobalSection(SolutionConfigurationPlatforms) = preSolution
		Debug|Any CPU = Debug|Any CPU
		Release|Any CPU = Release|Any CPU
	EndGlobalSection
	GlobalSection(ProjectConfigurationPlatforms) = postSolution
		{65402C84-3FD0-4919-A071-E0F230F2A06A}.Debug|Any CPU.ActiveCfg = Debug|Any CPU
		{65402C84-3FD0-4919-A071-E0F230F2A06A}.Debug|Any CPU.Build.0 = Debug|Any CPU
		{65402C84-3FD0-4919-A071-E0F230F2A06A}.Release|Any CPU.ActiveCfg = Release|Any CPU
		{65402C84-3FD0-4919-A071-E0F230F2A06A}.Release|Any CPU.Build.0 = Release|Any CPU
	EndGlobalSection
	GlobalSection(SolutionProperties) = preSolution
		HideSolutionNode = FALSE
	EndGlobalSection
	GlobalSection(ExtensibilityGlobals) = postSolution
		SolutionGuid = {1F0B4AC8-D09E-4F42-8FBA-0C2E09777448}
	EndGlobalSection
EndGlobal
